<?xml version="1.0" encoding="UTF-8" standalone="yes" ?>
<CodeBlocks_project_file>
	<FileVersion major="1" minor="6" />
	<Project>
		<Option title="Amelia" />
		<Option makefile_is_custom="1" />
		<Option pch_mode="2" />
		<Option compiler="gcc" />
		<MakeCommands>
			<Build command="$make" />
			<CompileFile command="$make -f $makefile $file" />
			<Clean command="$make -f $makefile clean$target" />
			<DistClean command="$make -f $makefile distclean$target" />
		</MakeCommands>
		<Build>
			<Target title="Release">
				<Option output="bin/Release/Amelia" prefix_auto="1" extension_auto="1" />
				<Option object_output="obj/Release/" />
				<Option type="1" />
				<Option compiler="gcc" />
				<Option use_console_runner="0" />
				<Compiler>
					<Add option="-O2" />
				</Compiler>
				<Linker>
					<Add option="-s" />
				</Linker>
				<MakeCommands>
					<Build command="$make" />
					<CompileFile command="$make -f $file" />
					<Clean command="$make clean" />
					<DistClean command="$make -f  distclean" />
				</MakeCommands>
			</Target>
		</Build>
		<Compiler>
			<Add option="-Wall" />
		</Compiler>
		<Unit filename="AAnalysisData.cpp" />
		<Unit filename="AAnalysisData.h" />
		<Unit filename="AAnimationGUI">
			<Option target="&lt;{~None~}&gt;" />
		</Unit>
		<Unit filename="AAnimationGUI.cpp" />
		<Unit filename="AAnimationGUI.h" />
		<Unit filename="ABase.cpp" />
		<Unit filename="ABase.h" />
		<Unit filename="AComboTableModel.cpp" />
		<Unit filename="AComboTableModel.h" />
		<Unit filename="AEventInfoScene.cpp" />
		<Unit filename="AEventInfoScene.h" />
		<Unit filename="AGeometry.cpp" />
		<Unit filename="AGeometry.h" />
		<Unit filename="AHelixSceneNode.cpp" />
		<Unit filename="AHelixSceneNode.h" />
		<Unit filename="AInterestingTrackTableModel.cpp" />
		<Unit filename="AInterestingTrackTableModel.h" />
		<Unit filename="ALayerGUI.cpp" />
		<Unit filename="ALayerGUI.h" />
		<Unit filename="AMainView.cpp" />
		<Unit filename="AMainView.h" />
		<Unit filename="AMenu.cpp" />
		<Unit filename="AMenu.h" />
		<Unit filename="ATourBuilder.cpp" />
		<Unit filename="ATourBuilder.h" />
		<Unit filename="ATourManager.cpp" />
		<Unit filename="ATourManager.h" />
		<Unit filename="ATrackCombination.cpp" />
		<Unit filename="ATrackCombination.h" />
		<Unit filename="ATrackTableModel.cpp" />
		<Unit filename="ATrackTableModel.h" />
		<Unit filename="AUILoader.cpp" />
		<Unit filename="AUILoader.h" />
		<Unit filename="AViewport.cpp" />
		<Unit filename="AViewport.h" />
		<Unit filename="AXmlEvent.cpp" />
		<Unit filename="AXmlEvent.h" />
		<Unit filename="Amelia.cbp" />
		<Unit filename="Amelia.layout" />
		<Unit filename="Amelia.layout.backup" />
		<Unit filename="CRelativeScaleSceneNodeAnimator.cpp" />
		<Unit filename="CRelativeScaleSceneNodeAnimator.h" />
		<Unit filename="CSceneNodeAnimatorCameraOrbit.cpp" />
		<Unit filename="CSceneNodeAnimatorCameraOrbit.h" />
		<Unit filename="CSceneNodeAnimatorCameraSphere.cpp" />
		<Unit filename="CSceneNodeAnimatorCameraSphere.h" />
		<Unit filename="CSceneNodeAnimatorCameraSwitch.cpp" />
		<Unit filename="CSceneNodeAnimatorCameraSwitch.h" />
		<Unit filename="Makefile" />
		<Unit filename="QIrrWidget.cpp" />
		<Unit filename="QIrrWidget.h" />
		<Unit filename="geometry.ui" />
		<Unit filename="main.cpp" />
		<Unit filename="menu.ui" />
		<Unit filename="qtconfig.pro" />
		<Extensions>
			<code_completion />
			<debugger />
		</Extensions>
	</Project>
</CodeBlocks_project_file>
